
Microsoft Visual Studio Solution File, Format Version 12.00
# Visual Studio Version 17
VisualStudioVersion = 17.0.31912.275
MinimumVisualStudioVersion = 10.0.40219.1
Project("{FAE04EC0-301F-11D3-BF4B-00C04F79EFBC}") = "HackerRank.ConsoleApp", "..\HackerRank.ConsoleApp\HackerRank.ConsoleApp.csproj", "{B3536FE2-E84C-42F3-B9DC-51A2E14710C7}"
EndProject
Global
	GlobalSection(SolutionConfigurationPlatforms) = preSolution
		Debug|Any CPU = Debug|Any CPU
		Release|Any CPU = Release|Any CPU
	EndGlobalSection
	GlobalSection(ProjectConfigurationPlatforms) = postSolution
		{B3536FE2-E84C-42F3-B9DC-51A2E14710C7}.Debug|Any CPU.ActiveCfg = Debug|Any CPU
		{B3536FE2-E84C-42F3-B9DC-51A2E14710C7}.Debug|Any CPU.Build.0 = Debug|Any CPU
		{B3536FE2-E84C-42F3-B9DC-51A2E14710C7}.Release|Any CPU.ActiveCfg = Release|Any CPU
		{B3536FE2-E84C-42F3-B9DC-51A2E14710C7}.Release|Any CPU.Build.0 = Release|Any CPU
	EndGlobalSection
	GlobalSection(SolutionProperties) = preSolution
		HideSolutionNode = FALSE
	EndGlobalSection
	GlobalSection(ExtensibilityGlobals) = postSolution
		SolutionGuid = {35519215-41B9-455A-AF51-32C9A4070F1F}
	EndGlobalSection
EndGlobal
